<?xml version="1.0" encoding="utf-8"?>
<Project ToolsVersion="4.0" xmlns="http://schemas.microsoft.com/developer/msbuild/2003">
  <ItemGroup>
    <ClCompile Include="main.cpp" />
    <ClCompile Include="Game\AnimData.cpp">
      <Filter>Game</Filter>
    </ClCompile>
    <ClCompile Include="Game\Field.cpp">
      <Filter>Game</Filter>
    </ClCompile>
    <ClCompile Include="Game\Player.cpp">
      <Filter>Game</Filter>
    </ClCompile>
    <ClCompile Include="Game\Gimmick.cpp">
      <Filter>Game</Filter>
    </ClCompile>
    <ClCompile Include="TaskSystem\TaskManager.cpp">
      <Filter>TaskSystem</Filter>
    </ClCompile>
    <ClCompile Include="TaskSystem\DrawTask.cpp">
      <Filter>TaskSystem</Filter>
    </ClCompile>
    <ClCompile Include="TaskSystem\DrawTaskManager.cpp">
      <Filter>TaskSystem</Filter>
    </ClCompile>
    <ClCompile Include="TaskSystem\Task.cpp">
      <Filter>TaskSystem</Filter>
    </ClCompile>
    <ClCompile Include="Game\ObjectBase.cpp">
      <Filter>Game</Filter>
    </ClCompile>
    <ClCompile Include="Game\ObjectManager.cpp">
      <Filter>Game</Filter>
    </ClCompile>
    <ClCompile Include="Title\Title.cpp">
      <Filter>Title</Filter>
    </ClCompile>
    <ClCompile Include="Game\Game.cpp">
      <Filter>Game</Filter>
    </ClCompile>
    <ClCompile Include="Game\GimmickManager.cpp">
      <Filter>Game</Filter>
    </ClCompile>
    <ClCompile Include="Game\GameData.cpp">
      <Filter>Game</Filter>
    </ClCompile>
  </ItemGroup>
  <ItemGroup>
    <Filter Include="Game">
      <UniqueIdentifier>{29fff7c6-e324-4379-85f3-4039c3c7c48b}</UniqueIdentifier>
    </Filter>
    <Filter Include="Base">
      <UniqueIdentifier>{a22db99b-663e-49ea-9928-a006e5d6a4ce}</UniqueIdentifier>
    </Filter>
    <Filter Include="Title">
      <UniqueIdentifier>{2eabb9a1-7427-4b6b-9dc2-3a1efce99ca3}</UniqueIdentifier>
    </Filter>
    <Filter Include="TaskSystem">
      <UniqueIdentifier>{23f778d5-2b5b-48af-bc8f-83a0e7ecf4a5}</UniqueIdentifier>
    </Filter>
  </ItemGroup>
  <ItemGroup>
    <ClInclude Include="Game\AnimData.h">
      <Filter>Game</Filter>
    </ClInclude>
    <ClInclude Include="Game\Field.h">
      <Filter>Game</Filter>
    </ClInclude>
    <ClInclude Include="Game\Player.h">
      <Filter>Game</Filter>
    </ClInclude>
    <ClInclude Include="Game\Gimmick.h">
      <Filter>Game</Filter>
    </ClInclude>
    <ClInclude Include="TaskSystem\TaskManager.h">
      <Filter>TaskSystem</Filter>
    </ClInclude>
    <ClInclude Include="TaskSystem\DrawTask.h">
      <Filter>TaskSystem</Filter>
    </ClInclude>
    <ClInclude Include="TaskSystem\DrawTaskManager.h">
      <Filter>TaskSystem</Filter>
    </ClInclude>
    <ClInclude Include="TaskSystem\Task.h">
      <Filter>TaskSystem</Filter>
    </ClInclude>
    <ClInclude Include="Game\ObjectBase.h">
      <Filter>Game</Filter>
    </ClInclude>
    <ClInclude Include="Game\ObjectManager.h">
      <Filter>Game</Filter>
    </ClInclude>
    <ClInclude Include="Global.h" />
    <ClInclude Include="Title\Title.h">
      <Filter>Title</Filter>
    </ClInclude>
    <ClInclude Include="Game\Game.h">
      <Filter>Game</Filter>
    </ClInclude>
    <ClInclude Include="Game\GimmickManager.h">
      <Filter>Game</Filter>
    </ClInclude>
    <ClInclude Include="Game\GameData.h">
      <Filter>Game</Filter>
    </ClInclude>
  </ItemGroup>
</Project>